
Microsoft Visual Studio Solution File, Format Version 12.00
# Visual Studio Version 16
VisualStudioVersion = 16.0.30114.105
MinimumVisualStudioVersion = 10.0.40219.1
Project("{2150E333-8FDC-42A3-9474-1A3956D46DE8}") = "Energinet.DataHub.MessageHub.Client", "Energinet.DataHub.MessageHub.Client", "{D79C7D37-ADE1-42D3-9FED-1E5D784E6E7D}"
EndProject
Project("{2150E333-8FDC-42A3-9474-1A3956D46DE8}") = "source", "source", "{2BF2F6B8-E02B-4D7F-99BC-D28B3B3643A9}"
EndProject
Project("{9A19103F-16F7-4668-BE54-9A1E7A4F7556}") = "Energinet.DataHub.MessageHub.Client", "Energinet.DataHub.MessageHub.Client\source\Energinet.DataHub.MessageHub.Client\Energinet.DataHub.MessageHub.Client.csproj", "{E9F64300-834B-4657-850F-BEF4CED5D180}"
EndProject
Project("{9A19103F-16F7-4668-BE54-9A1E7A4F7556}") = "Energinet.DataHub.MessageHub.Client.Tests", "Energinet.DataHub.MessageHub.Client.Tests\Energinet.DataHub.MessageHub.Client.Tests.csproj", "{20AD2920-0C12-4F83-A641-346B5196388D}"
EndProject
Project("{2150E333-8FDC-42A3-9474-1A3956D46DE8}") = "Energinet.DataHub.MessageHub.Client.SimpleInjector", "Energinet.DataHub.MessageHub.Client.SimpleInjector", "{42755FFA-C4B2-4E8B-AED6-354CE59DFCF6}"
EndProject
Project("{2150E333-8FDC-42A3-9474-1A3956D46DE8}") = "source", "source", "{EA213317-5963-4C0D-8DD4-698D53C29EC2}"
EndProject
Project("{9A19103F-16F7-4668-BE54-9A1E7A4F7556}") = "Energinet.DataHub.MessageHub.Client.SimpleInjector", "Energinet.DataHub.MessageHub.Client.SimpleInjector\source\Energinet.DataHub.MessageHub.Client.SimpleInjector\Energinet.DataHub.MessageHub.Client.SimpleInjector.csproj", "{CC5EB98C-635A-465E-85F7-7925BB365AF5}"
EndProject
Project("{2150E333-8FDC-42A3-9474-1A3956D46DE8}") = "Energinet.DataHub.MessageHub.Model", "Energinet.DataHub.MessageHub.Model", "{5AA99C26-61C0-457E-9B8E-7B648A9A5275}"
EndProject
Project("{2150E333-8FDC-42A3-9474-1A3956D46DE8}") = "source", "source", "{36357587-DF56-476D-A7E5-BD3926679E67}"
EndProject
Project("{9A19103F-16F7-4668-BE54-9A1E7A4F7556}") = "Energinet.DataHub.MessageHub.Model", "Energinet.DataHub.MessageHub.Model\source\Energinet.DataHub.MessageHub.Model\Energinet.DataHub.MessageHub.Model.csproj", "{D2990931-F927-4950-ADC9-9EF6505372EC}"
EndProject
Project("{2150E333-8FDC-42A3-9474-1A3956D46DE8}") = "Energinet.DataHub.MessageHub.Core", "Energinet.DataHub.MessageHub.Core", "{E5FFF67D-D999-446A-84DD-1E8E46D45E57}"
EndProject
Project("{2150E333-8FDC-42A3-9474-1A3956D46DE8}") = "source", "source", "{4B75BBAA-83F7-4DAF-971A-F65C7C6AA5E7}"
EndProject
Project("{9A19103F-16F7-4668-BE54-9A1E7A4F7556}") = "Energinet.DataHub.MessageHub.Core", "Energinet.DataHub.MessageHub.Core\source\Energinet.DataHub.MessageHub.Core\Energinet.DataHub.MessageHub.Core.csproj", "{67C95CC9-95E6-4D05-B14B-2AEF2A961C04}"
EndProject
Project("{9A19103F-16F7-4668-BE54-9A1E7A4F7556}") = "Energinet.DataHub.MessageHub.Core.Tests", "Energinet.DataHub.MessageHub.Core.Tests\Energinet.DataHub.MessageHub.Core.Tests.csproj", "{2037A6FC-5F11-4AD9-8939-CE1C7D5D0E5E}"
EndProject
Project("{9A19103F-16F7-4668-BE54-9A1E7A4F7556}") = "Energinet.DataHub.MessageHub.Model.Tests", "Energinet.DataHub.MessageHub.Model.Tests\Energinet.DataHub.MessageHub.Model.Tests.csproj", "{717E7747-9193-46BC-ACCB-94ECE5402CCD}"
EndProject
Project("{2150E333-8FDC-42A3-9474-1A3956D46DE8}") = "source", "source", "{D7B39BBE-EC7F-4025-9A9F-6DDA9E4E6754}"
EndProject
Project("{9A19103F-16F7-4668-BE54-9A1E7A4F7556}") = "Energinet.DataHub.MessageHub.IntegrationTesting", "Energinet.DataHub.MessageHub.IntegrationTesting\source\Energinet.DataHub.MessageHub.IntegrationTesting\Energinet.DataHub.MessageHub.IntegrationTesting.csproj", "{34056092-767C-485A-B0A8-9A15147EBB6D}"
EndProject
Project("{2150E333-8FDC-42A3-9474-1A3956D46DE8}") = "Energinet.DataHub.MessageHub.IntegrationTesting", "Energinet.DataHub.MessageHub.IntegrationTesting", "{3D122C94-4320-4331-BD33-9CD500DD4C48}"
EndProject
Global
	GlobalSection(SolutionConfigurationPlatforms) = preSolution
		Debug|Any CPU = Debug|Any CPU
		Debug|x64 = Debug|x64
		Debug|x86 = Debug|x86
		Release|Any CPU = Release|Any CPU
		Release|x64 = Release|x64
		Release|x86 = Release|x86
	EndGlobalSection
	GlobalSection(ProjectConfigurationPlatforms) = postSolution
		{E9F64300-834B-4657-850F-BEF4CED5D180}.Debug|Any CPU.ActiveCfg = Debug|Any CPU
		{E9F64300-834B-4657-850F-BEF4CED5D180}.Debug|Any CPU.Build.0 = Debug|Any CPU
		{E9F64300-834B-4657-850F-BEF4CED5D180}.Debug|x64.ActiveCfg = Debug|Any CPU
		{E9F64300-834B-4657-850F-BEF4CED5D180}.Debug|x64.Build.0 = Debug|Any CPU
		{E9F64300-834B-4657-850F-BEF4CED5D180}.Debug|x86.ActiveCfg = Debug|Any CPU
		{E9F64300-834B-4657-850F-BEF4CED5D180}.Debug|x86.Build.0 = Debug|Any CPU
		{E9F64300-834B-4657-850F-BEF4CED5D180}.Release|Any CPU.ActiveCfg = Release|Any CPU
		{E9F64300-834B-4657-850F-BEF4CED5D180}.Release|Any CPU.Build.0 = Release|Any CPU
		{E9F64300-834B-4657-850F-BEF4CED5D180}.Release|x64.ActiveCfg = Release|Any CPU
		{E9F64300-834B-4657-850F-BEF4CED5D180}.Release|x64.Build.0 = Release|Any CPU
		{E9F64300-834B-4657-850F-BEF4CED5D180}.Release|x86.ActiveCfg = Release|Any CPU
		{E9F64300-834B-4657-850F-BEF4CED5D180}.Release|x86.Build.0 = Release|Any CPU
		{20AD2920-0C12-4F83-A641-346B5196388D}.Debug|Any CPU.ActiveCfg = Debug|Any CPU
		{20AD2920-0C12-4F83-A641-346B5196388D}.Debug|Any CPU.Build.0 = Debug|Any CPU
		{20AD2920-0C12-4F83-A641-346B5196388D}.Debug|x64.ActiveCfg = Debug|Any CPU
		{20AD2920-0C12-4F83-A641-346B5196388D}.Debug|x64.Build.0 = Debug|Any CPU
		{20AD2920-0C12-4F83-A641-346B5196388D}.Debug|x86.ActiveCfg = Debug|Any CPU
		{20AD2920-0C12-4F83-A641-346B5196388D}.Debug|x86.Build.0 = Debug|Any CPU
		{20AD2920-0C12-4F83-A641-346B5196388D}.Release|Any CPU.ActiveCfg = Release|Any CPU
		{20AD2920-0C12-4F83-A641-346B5196388D}.Release|Any CPU.Build.0 = Release|Any CPU
		{20AD2920-0C12-4F83-A641-346B5196388D}.Release|x64.ActiveCfg = Release|Any CPU
		{20AD2920-0C12-4F83-A641-346B5196388D}.Release|x64.Build.0 = Release|Any CPU
		{20AD2920-0C12-4F83-A641-346B5196388D}.Release|x86.ActiveCfg = Release|Any CPU
		{20AD2920-0C12-4F83-A641-346B5196388D}.Release|x86.Build.0 = Release|Any CPU
		{CC5EB98C-635A-465E-85F7-7925BB365AF5}.Debug|Any CPU.ActiveCfg = Debug|Any CPU
		{CC5EB98C-635A-465E-85F7-7925BB365AF5}.Debug|Any CPU.Build.0 = Debug|Any CPU
		{CC5EB98C-635A-465E-85F7-7925BB365AF5}.Debug|x64.ActiveCfg = Debug|Any CPU
		{CC5EB98C-635A-465E-85F7-7925BB365AF5}.Debug|x64.Build.0 = Debug|Any CPU
		{CC5EB98C-635A-465E-85F7-7925BB365AF5}.Debug|x86.ActiveCfg = Debug|Any CPU
		{CC5EB98C-635A-465E-85F7-7925BB365AF5}.Debug|x86.Build.0 = Debug|Any CPU
		{CC5EB98C-635A-465E-85F7-7925BB365AF5}.Release|Any CPU.ActiveCfg = Release|Any CPU
		{CC5EB98C-635A-465E-85F7-7925BB365AF5}.Release|Any CPU.Build.0 = Release|Any CPU
		{CC5EB98C-635A-465E-85F7-7925BB365AF5}.Release|x64.ActiveCfg = Release|Any CPU
		{CC5EB98C-635A-465E-85F7-7925BB365AF5}.Release|x64.Build.0 = Release|Any CPU
		{CC5EB98C-635A-465E-85F7-7925BB365AF5}.Release|x86.ActiveCfg = Release|Any CPU
		{CC5EB98C-635A-465E-85F7-7925BB365AF5}.Release|x86.Build.0 = Release|Any CPU
		{D2990931-F927-4950-ADC9-9EF6505372EC}.Debug|Any CPU.ActiveCfg = Debug|Any CPU
		{D2990931-F927-4950-ADC9-9EF6505372EC}.Debug|Any CPU.Build.0 = Debug|Any CPU
		{D2990931-F927-4950-ADC9-9EF6505372EC}.Debug|x64.ActiveCfg = Debug|Any CPU
		{D2990931-F927-4950-ADC9-9EF6505372EC}.Debug|x64.Build.0 = Debug|Any CPU
		{D2990931-F927-4950-ADC9-9EF6505372EC}.Debug|x86.ActiveCfg = Debug|Any CPU
		{D2990931-F927-4950-ADC9-9EF6505372EC}.Debug|x86.Build.0 = Debug|Any CPU
		{D2990931-F927-4950-ADC9-9EF6505372EC}.Release|Any CPU.ActiveCfg = Release|Any CPU
		{D2990931-F927-4950-ADC9-9EF6505372EC}.Release|Any CPU.Build.0 = Release|Any CPU
		{D2990931-F927-4950-ADC9-9EF6505372EC}.Release|x64.ActiveCfg = Release|Any CPU
		{D2990931-F927-4950-ADC9-9EF6505372EC}.Release|x64.Build.0 = Release|Any CPU
		{D2990931-F927-4950-ADC9-9EF6505372EC}.Release|x86.ActiveCfg = Release|Any CPU
		{D2990931-F927-4950-ADC9-9EF6505372EC}.Release|x86.Build.0 = Release|Any CPU
		{67C95CC9-95E6-4D05-B14B-2AEF2A961C04}.Debug|Any CPU.ActiveCfg = Debug|Any CPU
		{67C95CC9-95E6-4D05-B14B-2AEF2A961C04}.Debug|Any CPU.Build.0 = Debug|Any CPU
		{67C95CC9-95E6-4D05-B14B-2AEF2A961C04}.Debug|x64.ActiveCfg = Debug|Any CPU
		{67C95CC9-95E6-4D05-B14B-2AEF2A961C04}.Debug|x64.Build.0 = Debug|Any CPU
		{67C95CC9-95E6-4D05-B14B-2AEF2A961C04}.Debug|x86.ActiveCfg = Debug|Any CPU
		{67C95CC9-95E6-4D05-B14B-2AEF2A961C04}.Debug|x86.Build.0 = Debug|Any CPU
		{67C95CC9-95E6-4D05-B14B-2AEF2A961C04}.Release|Any CPU.ActiveCfg = Release|Any CPU
		{67C95CC9-95E6-4D05-B14B-2AEF2A961C04}.Release|Any CPU.Build.0 = Release|Any CPU
		{67C95CC9-95E6-4D05-B14B-2AEF2A961C04}.Release|x64.ActiveCfg = Release|Any CPU
		{67C95CC9-95E6-4D05-B14B-2AEF2A961C04}.Release|x64.Build.0 = Release|Any CPU
		{67C95CC9-95E6-4D05-B14B-2AEF2A961C04}.Release|x86.ActiveCfg = Release|Any CPU
		{67C95CC9-95E6-4D05-B14B-2AEF2A961C04}.Release|x86.Build.0 = Release|Any CPU
		{2037A6FC-5F11-4AD9-8939-CE1C7D5D0E5E}.Debug|Any CPU.ActiveCfg = Debug|Any CPU
		{2037A6FC-5F11-4AD9-8939-CE1C7D5D0E5E}.Debug|Any CPU.Build.0 = Debug|Any CPU
		{2037A6FC-5F11-4AD9-8939-CE1C7D5D0E5E}.Debug|x64.ActiveCfg = Debug|Any CPU
		{2037A6FC-5F11-4AD9-8939-CE1C7D5D0E5E}.Debug|x64.Build.0 = Debug|Any CPU
		{2037A6FC-5F11-4AD9-8939-CE1C7D5D0E5E}.Debug|x86.ActiveCfg = Debug|Any CPU
		{2037A6FC-5F11-4AD9-8939-CE1C7D5D0E5E}.Debug|x86.Build.0 = Debug|Any CPU
		{2037A6FC-5F11-4AD9-8939-CE1C7D5D0E5E}.Release|Any CPU.ActiveCfg = Release|Any CPU
		{2037A6FC-5F11-4AD9-8939-CE1C7D5D0E5E}.Release|Any CPU.Build.0 = Release|Any CPU
		{2037A6FC-5F11-4AD9-8939-CE1C7D5D0E5E}.Release|x64.ActiveCfg = Release|Any CPU
		{2037A6FC-5F11-4AD9-8939-CE1C7D5D0E5E}.Release|x64.Build.0 = Release|Any CPU
		{2037A6FC-5F11-4AD9-8939-CE1C7D5D0E5E}.Release|x86.ActiveCfg = Release|Any CPU
		{2037A6FC-5F11-4AD9-8939-CE1C7D5D0E5E}.Release|x86.Build.0 = Release|Any CPU
		{717E7747-9193-46BC-ACCB-94ECE5402CCD}.Debug|Any CPU.ActiveCfg = Debug|Any CPU
		{717E7747-9193-46BC-ACCB-94ECE5402CCD}.Debug|Any CPU.Build.0 = Debug|Any CPU
		{717E7747-9193-46BC-ACCB-94ECE5402CCD}.Debug|x64.ActiveCfg = Debug|Any CPU
		{717E7747-9193-46BC-ACCB-94ECE5402CCD}.Debug|x64.Build.0 = Debug|Any CPU
		{717E7747-9193-46BC-ACCB-94ECE5402CCD}.Debug|x86.ActiveCfg = Debug|Any CPU
		{717E7747-9193-46BC-ACCB-94ECE5402CCD}.Debug|x86.Build.0 = Debug|Any CPU
		{717E7747-9193-46BC-ACCB-94ECE5402CCD}.Release|Any CPU.ActiveCfg = Release|Any CPU
		{717E7747-9193-46BC-ACCB-94ECE5402CCD}.Release|Any CPU.Build.0 = Release|Any CPU
		{717E7747-9193-46BC-ACCB-94ECE5402CCD}.Release|x64.ActiveCfg = Release|Any CPU
		{717E7747-9193-46BC-ACCB-94ECE5402CCD}.Release|x64.Build.0 = Release|Any CPU
		{717E7747-9193-46BC-ACCB-94ECE5402CCD}.Release|x86.ActiveCfg = Release|Any CPU
		{717E7747-9193-46BC-ACCB-94ECE5402CCD}.Release|x86.Build.0 = Release|Any CPU
		{34056092-767C-485A-B0A8-9A15147EBB6D}.Debug|Any CPU.ActiveCfg = Debug|Any CPU
		{34056092-767C-485A-B0A8-9A15147EBB6D}.Debug|Any CPU.Build.0 = Debug|Any CPU
		{34056092-767C-485A-B0A8-9A15147EBB6D}.Debug|x64.ActiveCfg = Debug|Any CPU
		{34056092-767C-485A-B0A8-9A15147EBB6D}.Debug|x64.Build.0 = Debug|Any CPU
		{34056092-767C-485A-B0A8-9A15147EBB6D}.Debug|x86.ActiveCfg = Debug|Any CPU
		{34056092-767C-485A-B0A8-9A15147EBB6D}.Debug|x86.Build.0 = Debug|Any CPU
		{34056092-767C-485A-B0A8-9A15147EBB6D}.Release|Any CPU.ActiveCfg = Release|Any CPU
		{34056092-767C-485A-B0A8-9A15147EBB6D}.Release|Any CPU.Build.0 = Release|Any CPU
		{34056092-767C-485A-B0A8-9A15147EBB6D}.Release|x64.ActiveCfg = Release|Any CPU
		{34056092-767C-485A-B0A8-9A15147EBB6D}.Release|x64.Build.0 = Release|Any CPU
		{34056092-767C-485A-B0A8-9A15147EBB6D}.Release|x86.ActiveCfg = Release|Any CPU
		{34056092-767C-485A-B0A8-9A15147EBB6D}.Release|x86.Build.0 = Release|Any CPU
	EndGlobalSection
	GlobalSection(SolutionProperties) = preSolution
		HideSolutionNode = FALSE
	EndGlobalSection
	GlobalSection(NestedProjects) = preSolution
		{2BF2F6B8-E02B-4D7F-99BC-D28B3B3643A9} = {D79C7D37-ADE1-42D3-9FED-1E5D784E6E7D}
		{E9F64300-834B-4657-850F-BEF4CED5D180} = {2BF2F6B8-E02B-4D7F-99BC-D28B3B3643A9}
		{EA213317-5963-4C0D-8DD4-698D53C29EC2} = {42755FFA-C4B2-4E8B-AED6-354CE59DFCF6}
		{CC5EB98C-635A-465E-85F7-7925BB365AF5} = {EA213317-5963-4C0D-8DD4-698D53C29EC2}
		{36357587-DF56-476D-A7E5-BD3926679E67} = {5AA99C26-61C0-457E-9B8E-7B648A9A5275}
		{D2990931-F927-4950-ADC9-9EF6505372EC} = {36357587-DF56-476D-A7E5-BD3926679E67}
		{4B75BBAA-83F7-4DAF-971A-F65C7C6AA5E7} = {E5FFF67D-D999-446A-84DD-1E8E46D45E57}
		{67C95CC9-95E6-4D05-B14B-2AEF2A961C04} = {4B75BBAA-83F7-4DAF-971A-F65C7C6AA5E7}
		{D7B39BBE-EC7F-4025-9A9F-6DDA9E4E6754} = {3D122C94-4320-4331-BD33-9CD500DD4C48}
		{34056092-767C-485A-B0A8-9A15147EBB6D} = {D7B39BBE-EC7F-4025-9A9F-6DDA9E4E6754}
	EndGlobalSection
	GlobalSection(ExtensibilityGlobals) = postSolution
		SolutionGuid = {AFC1A6A3-7235-4DB1-A2E4-35B72C1FEA28}
	EndGlobalSection
EndGlobal
